
Microsoft Visual Studio Solution File, Format Version 12.00
# Visual Studio Version 16
VisualStudioVersion = 16.0.34601.136
MinimumVisualStudioVersion = 10.0.40219.1
Project("{FAE04EC0-301F-11D3-BF4B-00C04F79EFBC}") = "Datos", "Datos\Datos.csproj", "{15FA78E0-A505-432B-BC00-A47F2FD64B20}"
EndProject
Project("{FAE04EC0-301F-11D3-BF4B-00C04F79EFBC}") = "Negocio", "Negocio\Negocio.csproj", "{54197BD7-44D0-4121-B93C-067A57037F18}"
EndProject
Project("{FAE04EC0-301F-11D3-BF4B-00C04F79EFBC}") = "Vistas", "Vistas\Vistas.csproj", "{11E1690D-D666-435B-B4CC-24C7552FB282}"
EndProject
Project("{FAE04EC0-301F-11D3-BF4B-00C04F79EFBC}") = "Entidades", "Entidades\Entidades.csproj", "{59B6F737-9D21-422E-8AA4-D4529F626CF5}"
EndProject
Global
	GlobalSection(SolutionConfigurationPlatforms) = preSolution
		Debug|Any CPU = Debug|Any CPU
		Release|Any CPU = Release|Any CPU
	EndGlobalSection
	GlobalSection(ProjectConfigurationPlatforms) = postSolution
		{15FA78E0-A505-432B-BC00-A47F2FD64B20}.Debug|Any CPU.ActiveCfg = Debug|Any CPU
		{15FA78E0-A505-432B-BC00-A47F2FD64B20}.Debug|Any CPU.Build.0 = Debug|Any CPU
		{15FA78E0-A505-432B-BC00-A47F2FD64B20}.Release|Any CPU.ActiveCfg = Release|Any CPU
		{15FA78E0-A505-432B-BC00-A47F2FD64B20}.Release|Any CPU.Build.0 = Release|Any CPU
		{54197BD7-44D0-4121-B93C-067A57037F18}.Debug|Any CPU.ActiveCfg = Debug|Any CPU
		{54197BD7-44D0-4121-B93C-067A57037F18}.Debug|Any CPU.Build.0 = Debug|Any CPU
		{54197BD7-44D0-4121-B93C-067A57037F18}.Release|Any CPU.ActiveCfg = Release|Any CPU
		{54197BD7-44D0-4121-B93C-067A57037F18}.Release|Any CPU.Build.0 = Release|Any CPU
		{11E1690D-D666-435B-B4CC-24C7552FB282}.Debug|Any CPU.ActiveCfg = Debug|Any CPU
		{11E1690D-D666-435B-B4CC-24C7552FB282}.Debug|Any CPU.Build.0 = Debug|Any CPU
		{11E1690D-D666-435B-B4CC-24C7552FB282}.Release|Any CPU.ActiveCfg = Release|Any CPU
		{11E1690D-D666-435B-B4CC-24C7552FB282}.Release|Any CPU.Build.0 = Release|Any CPU
		{59B6F737-9D21-422E-8AA4-D4529F626CF5}.Debug|Any CPU.ActiveCfg = Debug|Any CPU
		{59B6F737-9D21-422E-8AA4-D4529F626CF5}.Debug|Any CPU.Build.0 = Debug|Any CPU
		{59B6F737-9D21-422E-8AA4-D4529F626CF5}.Release|Any CPU.ActiveCfg = Release|Any CPU
		{59B6F737-9D21-422E-8AA4-D4529F626CF5}.Release|Any CPU.Build.0 = Release|Any CPU
	EndGlobalSection
	GlobalSection(SolutionProperties) = preSolution
		HideSolutionNode = FALSE
	EndGlobalSection
	GlobalSection(ExtensibilityGlobals) = postSolution
		SolutionGuid = {C1B4EAF7-2670-45CF-8672-B3C967F5136B}
	EndGlobalSection
EndGlobal
